// !$*UTF8*$!
{
	archiveVersion = 1;
	classes = {
	};
	objectVersion = 56;
	objects = {

/* Begin PBXBuildFile section */
		C81F284B295957E0004F026D /* IQKeyboardManagerSwift in Frameworks */ = {isa = PBXBuildFile; productRef = C81F284A295957E0004F026D /* IQKeyboardManagerSwift */; };
		C8DE710D295842DD00C0FA24 /* AppDelegate.swift in Sources */ = {isa = PBXBuildFile; fileRef = C8DE710C295842DD00C0FA24 /* AppDelegate.swift */; };
		C8DE710F295842DD00C0FA24 /* SceneDelegate.swift in Sources */ = {isa = PBXBuildFile; fileRef = C8DE710E295842DD00C0FA24 /* SceneDelegate.swift */; };
		C8DE7111295842DD00C0FA24 /* ViewController.swift in Sources */ = {isa = PBXBuildFile; fileRef = C8DE7110295842DD00C0FA24 /* ViewController.swift */; };
		C8DE7114295842DD00C0FA24 /* Main.storyboard in Resources */ = {isa = PBXBuildFile; fileRef = C8DE7112295842DD00C0FA24 /* Main.storyboard */; };
		C8DE7117295842DD00C0FA24 /* PhotoMemo.xcdatamodeld in Sources */ = {isa = PBXBuildFile; fileRef = C8DE7115295842DD00C0FA24 /* PhotoMemo.xcdatamodeld */; };
		C8DE7119295842DE00C0FA24 /* Assets.xcassets in Resources */ = {isa = PBXBuildFile; fileRef = C8DE7118295842DE00C0FA24 /* Assets.xcassets */; };
		C8DE711C295842DE00C0FA24 /* LaunchScreen.storyboard in Resources */ = {isa = PBXBuildFile; fileRef = C8DE711A295842DE00C0FA24 /* LaunchScreen.storyboard */; };
		C8DE7128295843C300C0FA24 /* DetailViewController.swift in Sources */ = {isa = PBXBuildFile; fileRef = C8DE7127295843C300C0FA24 /* DetailViewController.swift */; };
		C8DE712B295845DA00C0FA24 /* SideMenu in Frameworks */ = {isa = PBXBuildFile; productRef = C8DE712A295845DA00C0FA24 /* SideMenu */; };
		C8DE712D295845E900C0FA24 /* SideMenuViewController.swift in Sources */ = {isa = PBXBuildFile; fileRef = C8DE712C295845E900C0FA24 /* SideMenuViewController.swift */; };
		C8DE712F2958465300C0FA24 /* MemoCell.swift in Sources */ = {isa = PBXBuildFile; fileRef = C8DE712E2958465300C0FA24 /* MemoCell.swift */; };
		C8DE71322958469A00C0FA24 /* Diary+CoreDataClass.swift in Sources */ = {isa = PBXBuildFile; fileRef = C8DE71302958469A00C0FA24 /* Diary+CoreDataClass.swift */; };
		C8DE71332958469A00C0FA24 /* Diary+CoreDataProperties.swift in Sources */ = {isa = PBXBuildFile; fileRef = C8DE71312958469A00C0FA24 /* Diary+CoreDataProperties.swift */; };
		C8DE713529584B5400C0FA24 /* CoreDataManager.swift in Sources */ = {isa = PBXBuildFile; fileRef = C8DE713429584B5400C0FA24 /* CoreDataManager.swift */; };
/* End PBXBuildFile section */

/* Begin PBXFileReference section */
		C8DE7109295842DD00C0FA24 /* PhotoMemo.app */ = {isa = PBXFileReference; explicitFileType = wrapper.application; includeInIndex = 0; path = PhotoMemo.app; sourceTree = BUILT_PRODUCTS_DIR; };
		C8DE710C295842DD00C0FA24 /* AppDelegate.swift */ = {isa = PBXFileReference; lastKnownFileType = sourcecode.swift; path = AppDelegate.swift; sourceTree = "<group>"; };
		C8DE710E295842DD00C0FA24 /* SceneDelegate.swift */ = {isa = PBXFileReference; lastKnownFileType = sourcecode.swift; path = SceneDelegate.swift; sourceTree = "<group>"; };
		C8DE7110295842DD00C0FA24 /* ViewController.swift */ = {isa = PBXFileReference; lastKnownFileType = sourcecode.swift; path = ViewController.swift; sourceTree = "<group>"; };
		C8DE7113295842DD00C0FA24 /* Base */ = {isa = PBXFileReference; lastKnownFileType = file.storyboard; name = Base; path = Base.lproj/Main.storyboard; sourceTree = "<group>"; };
		C8DE7116295842DD00C0FA24 /* PhotoMemo.xcdatamodel */ = {isa = PBXFileReference; lastKnownFileType = wrapper.xcdatamodel; path = PhotoMemo.xcdatamodel; sourceTree = "<group>"; };
		C8DE7118295842DE00C0FA24 /* Assets.xcassets */ = {isa = PBXFileReference; lastKnownFileType = folder.assetcatalog; path = Assets.xcassets; sourceTree = "<group>"; };
		C8DE711B295842DE00C0FA24 /* Base */ = {isa = PBXFileReference; lastKnownFileType = file.storyboard; name = Base; path = Base.lproj/LaunchScreen.storyboard; sourceTree = "<group>"; };
		C8DE711D295842DE00C0FA24 /* Info.plist */ = {isa = PBXFileReference; lastKnownFileType = text.plist.xml; path = Info.plist; sourceTree = "<group>"; };
		C8DE7127295843C300C0FA24 /* DetailViewController.swift */ = {isa = PBXFileReference; lastKnownFileType = sourcecode.swift; path = DetailViewController.swift; sourceTree = "<group>"; };
		C8DE712C295845E900C0FA24 /* SideMenuViewController.swift */ = {isa = PBXFileReference; lastKnownFileType = sourcecode.swift; path = SideMenuViewController.swift; sourceTree = "<group>"; };
		C8DE712E2958465300C0FA24 /* MemoCell.swift */ = {isa = PBXFileReference; lastKnownFileType = sourcecode.swift; path = MemoCell.swift; sourceTree = "<group>"; };
		C8DE71302958469A00C0FA24 /* Diary+CoreDataClass.swift */ = {isa = PBXFileReference; lastKnownFileType = sourcecode.swift; path = "Diary+CoreDataClass.swift"; sourceTree = "<group>"; };
		C8DE71312958469A00C0FA24 /* Diary+CoreDataProperties.swift */ = {isa = PBXFileReference; lastKnownFileType = sourcecode.swift; path = "Diary+CoreDataProperties.swift"; sourceTree = "<group>"; };
		C8DE713429584B5400C0FA24 /* CoreDataManager.swift */ = {isa = PBXFileReference; lastKnownFileType = sourcecode.swift; path = CoreDataManager.swift; sourceTree = "<group>"; };
/* End PBXFileReference section */

/* Begin PBXFrameworksBuildPhase section */
		C8DE7106295842DC00C0FA24 /* Frameworks */ = {
			isa = PBXFrameworksBuildPhase;
			buildActionMask = 2147483647;
			files = (
				C8DE712B295845DA00C0FA24 /* SideMenu in Frameworks */,
				C81F284B295957E0004F026D /* IQKeyboardManagerSwift in Frameworks */,
			);
			runOnlyForDeploymentPostprocessing = 0;
		};
/* End PBXFrameworksBuildPhase section */

/* Begin PBXGroup section */
		C8DE7100295842DC00C0FA24 = {
			isa = PBXGroup;
			children = (
				C8DE710B295842DD00C0FA24 /* PhotoMemo */,
				C8DE710A295842DD00C0FA24 /* Products */,
			);
			sourceTree = "<group>";
		};
		C8DE710A295842DD00C0FA24 /* Products */ = {
			isa = PBXGroup;
			children = (
				C8DE7109295842DD00C0FA24 /* PhotoMemo.app */,
			);
			name = Products;
			sourceTree = "<group>";
		};
		C8DE710B295842DD00C0FA24 /* PhotoMemo */ = {
			isa = PBXGroup;
			children = (
				C8DE710C295842DD00C0FA24 /* AppDelegate.swift */,
				C8DE710E295842DD00C0FA24 /* SceneDelegate.swift */,
				C8DE7124295842FF00C0FA24 /* Models */,
				C8DE71252958430300C0FA24 /* Views */,
				C8DE71262958430700C0FA24 /* Controllers */,
				C8DE7123295842F700C0FA24 /* Helpers */,
				C8DE711D295842DE00C0FA24 /* Info.plist */,
				C8DE7115295842DD00C0FA24 /* PhotoMemo.xcdatamodeld */,
			);
			path = PhotoMemo;
			sourceTree = "<group>";
		};
		C8DE7123295842F700C0FA24 /* Helpers */ = {
			isa = PBXGroup;
			children = (
				C8DE7118295842DE00C0FA24 /* Assets.xcassets */,
			);
			path = Helpers;
			sourceTree = "<group>";
		};
		C8DE7124295842FF00C0FA24 /* Models */ = {
			isa = PBXGroup;
			children = (
				C8DE71302958469A00C0FA24 /* Diary+CoreDataClass.swift */,
				C8DE71312958469A00C0FA24 /* Diary+CoreDataProperties.swift */,
				C8DE713429584B5400C0FA24 /* CoreDataManager.swift */,
			);
			path = Models;
			sourceTree = "<group>";
		};
		C8DE71252958430300C0FA24 /* Views */ = {
			isa = PBXGroup;
			children = (
				C8DE711A295842DE00C0FA24 /* LaunchScreen.storyboard */,
				C8DE7112295842DD00C0FA24 /* Main.storyboard */,
				C8DE712E2958465300C0FA24 /* MemoCell.swift */,
			);
			path = Views;
			sourceTree = "<group>";
		};
		C8DE71262958430700C0FA24 /* Controllers */ = {
			isa = PBXGroup;
			children = (
				C8DE7110295842DD00C0FA24 /* ViewController.swift */,
				C8DE7127295843C300C0FA24 /* DetailViewController.swift */,
				C8DE712C295845E900C0FA24 /* SideMenuViewController.swift */,
			);
			path = Controllers;
			sourceTree = "<group>";
		};
/* End PBXGroup section */

/* Begin PBXNativeTarget section */
		C8DE7108295842DC00C0FA24 /* PhotoMemo */ = {
			isa = PBXNativeTarget;
			buildConfigurationList = C8DE7120295842DE00C0FA24 /* Build configuration list for PBXNativeTarget "PhotoMemo" */;
			buildPhases = (
				C8DE7105295842DC00C0FA24 /* Sources */,
				C8DE7106295842DC00C0FA24 /* Frameworks */,
				C8DE7107295842DC00C0FA24 /* Resources */,
			);
			buildRules = (
			);
			dependencies = (
			);
			name = PhotoMemo;
			packageProductDependencies = (
				C8DE712A295845DA00C0FA24 /* SideMenu */,
				C81F284A295957E0004F026D /* IQKeyboardManagerSwift */,
			);
			productName = PhotoMemo;
			productReference = C8DE7109295842DD00C0FA24 /* PhotoMemo.app */;
			productType = "com.apple.product-type.application";
		};
/* End PBXNativeTarget section */

/* Begin PBXProject section */
		C8DE7101295842DC00C0FA24 /* Project object */ = {
			isa = PBXProject;
			attributes = {
				BuildIndependentTargetsInParallel = 1;
				LastSwiftUpdateCheck = 1400;
				LastUpgradeCheck = 1400;
				TargetAttributes = {
					C8DE7108295842DC00C0FA24 = {
						CreatedOnToolsVersion = 14.0.1;
					};
				};
			};
			buildConfigurationList = C8DE7104295842DC00C0FA24 /* Build configuration list for PBXProject "PhotoMemo" */;
			compatibilityVersion = "Xcode 14.0";
			developmentRegion = en;
			hasScannedForEncodings = 0;
			knownRegions = (
				en,
				Base,
			);
			mainGroup = C8DE7100295842DC00C0FA24;
			packageReferences = (
				C8DE7129295845D900C0FA24 /* XCRemoteSwiftPackageReference "SideMenu" */,
				C81F2849295957E0004F026D /* XCRemoteSwiftPackageReference "IQKeyboardManager" */,
			);
			productRefGroup = C8DE710A295842DD00C0FA24 /* Products */;
			projectDirPath = "";
			projectRoot = "";
			targets = (
				C8DE7108295842DC00C0FA24 /* PhotoMemo */,
			);
		};
/* End PBXProject section */

/* Begin PBXResourcesBuildPhase section */
		C8DE7107295842DC00C0FA24 /* Resources */ = {
			isa = PBXResourcesBuildPhase;
			buildActionMask = 2147483647;
			files = (
				C8DE711C295842DE00C0FA24 /* LaunchScreen.storyboard in Resources */,
				C8DE7119295842DE00C0FA24 /* Assets.xcassets in Resources */,
				C8DE7114295842DD00C0FA24 /* Main.storyboard in Resources */,
			);
			runOnlyForDeploymentPostprocessing = 0;
		};
/* End PBXResourcesBuildPhase section */

/* Begin PBXSourcesBuildPhase section */
		C8DE7105295842DC00C0FA24 /* Sources */ = {
			isa = PBXSourcesBuildPhase;
			buildActionMask = 2147483647;
			files = (
				C8DE7111295842DD00C0FA24 /* ViewController.swift in Sources */,
				C8DE71322958469A00C0FA24 /* Diary+CoreDataClass.swift in Sources */,
				C8DE710D295842DD00C0FA24 /* AppDelegate.swift in Sources */,
				C8DE7128295843C300C0FA24 /* DetailViewController.swift in Sources */,
				C8DE7117295842DD00C0FA24 /* PhotoMemo.xcdatamodeld in Sources */,
				C8DE712D295845E900C0FA24 /* SideMenuViewController.swift in Sources */,
				C8DE71332958469A00C0FA24 /* Diary+CoreDataProperties.swift in Sources */,
				C8DE710F295842DD00C0FA24 /* SceneDelegate.swift in Sources */,
				C8DE713529584B5400C0FA24 /* CoreDataManager.swift in Sources */,
				C8DE712F2958465300C0FA24 /* MemoCell.swift in Sources */,
			);
			runOnlyForDeploymentPostprocessing = 0;
		};
/* End PBXSourcesBuildPhase section */

/* Begin PBXVariantGroup section */
		C8DE7112295842DD00C0FA24 /* Main.storyboard */ = {
			isa = PBXVariantGroup;
			children = (
				C8DE7113295842DD00C0FA24 /* Base */,
			);
			name = Main.storyboard;
			sourceTree = "<group>";
		};
		C8DE711A295842DE00C0FA24 /* LaunchScreen.storyboard */ = {
			isa = PBXVariantGroup;
			children = (
				C8DE711B295842DE00C0FA24 /* Base */,
			);
			name = LaunchScreen.storyboard;
			sourceTree = "<group>";
		};
/* End PBXVariantGroup section */

/* Begin XCBuildConfiguration section */
		C8DE711E295842DE00C0FA24 /* Debug */ = {
			isa = XCBuildConfiguration;
			buildSettings = {
				ALWAYS_SEARCH_USER_PATHS = NO;
				CLANG_ANALYZER_NONNULL = YES;
				CLANG_ANALYZER_NUMBER_OBJECT_CONVERSION = YES_AGGRESSIVE;
				CLANG_CXX_LANGUAGE_STANDARD = "gnu++20";
				CLANG_ENABLE_MODULES = YES;
				CLANG_ENABLE_OBJC_ARC = YES;
				CLANG_ENABLE_OBJC_WEAK = YES;
				CLANG_WARN_BLOCK_CAPTURE_AUTORELEASING = YES;
				CLANG_WARN_BOOL_CONVERSION = YES;
				CLANG_WARN_COMMA = YES;
				CLANG_WARN_CONSTANT_CONVERSION = YES;
				CLANG_WARN_DEPRECATED_OBJC_IMPLEMENTATIONS = YES;
				CLANG_WARN_DIRECT_OBJC_ISA_USAGE = YES_ERROR;
				CLANG_WARN_DOCUMENTATION_COMMENTS = YES;
				CLANG_WARN_EMPTY_BODY = YES;
				CLANG_WARN_ENUM_CONVERSION = YES;
				CLANG_WARN_INFINITE_RECURSION = YES;
				CLANG_WARN_INT_CONVERSION = YES;
				CLANG_WARN_NON_LITERAL_NULL_CONVERSION = YES;
				CLANG_WARN_OBJC_IMPLICIT_RETAIN_SELF = YES;
				CLANG_WARN_OBJC_LITERAL_CONVERSION = YES;
				CLANG_WARN_OBJC_ROOT_CLASS = YES_ERROR;
				CLANG_WARN_QUOTED_INCLUDE_IN_FRAMEWORK_HEADER = YES;
				CLANG_WARN_RANGE_LOOP_ANALYSIS = YES;
				CLANG_WARN_STRICT_PROTOTYPES = YES;
				CLANG_WARN_SUSPICIOUS_MOVE = YES;
				CLANG_WARN_UNGUARDED_AVAILABILITY = YES_AGGRESSIVE;
				CLANG_WARN_UNREACHABLE_CODE = YES;
				CLANG_WARN__DUPLICATE_METHOD_MATCH = YES;
				COPY_PHASE_STRIP = NO;
				DEBUG_INFORMATION_FORMAT = dwarf;
				ENABLE_STRICT_OBJC_MSGSEND = YES;
				ENABLE_TESTABILITY = YES;
				GCC_C_LANGUAGE_STANDARD = gnu11;
				GCC_DYNAMIC_NO_PIC = NO;
				GCC_NO_COMMON_BLOCKS = YES;
				GCC_OPTIMIZATION_LEVEL = 0;
				GCC_PREPROCESSOR_DEFINITIONS = (
					"DEBUG=1",
					"$(inherited)",
				);
				GCC_WARN_64_TO_32_BIT_CONVERSION = YES;
				GCC_WARN_ABOUT_RETURN_TYPE = YES_ERROR;
				GCC_WARN_UNDECLARED_SELECTOR = YES;
				GCC_WARN_UNINITIALIZED_AUTOS = YES_AGGRESSIVE;
				GCC_WARN_UNUSED_FUNCTION = YES;
				GCC_WARN_UNUSED_VARIABLE = YES;
				IPHONEOS_DEPLOYMENT_TARGET = 14.0;
				MTL_ENABLE_DEBUG_INFO = INCLUDE_SOURCE;
				MTL_FAST_MATH = YES;
				ONLY_ACTIVE_ARCH = YES;
				SDKROOT = iphoneos;
				SWIFT_ACTIVE_COMPILATION_CONDITIONS = DEBUG;
				SWIFT_OPTIMIZATION_LEVEL = "-Onone";
			};
			name = Debug;
		};
		C8DE711F295842DE00C0FA24 /* Release */ = {
			isa = XCBuildConfiguration;
			buildSettings = {
				ALWAYS_SEARCH_USER_PATHS = NO;
				CLANG_ANALYZER_NONNULL = YES;
				CLANG_ANALYZER_NUMBER_OBJECT_CONVERSION = YES_AGGRESSIVE;
				CLANG_CXX_LANGUAGE_STANDARD = "gnu++20";
				CLANG_ENABLE_MODULES = YES;
				CLANG_ENABLE_OBJC_ARC = YES;
				CLANG_ENABLE_OBJC_WEAK = YES;
				CLANG_WARN_BLOCK_CAPTURE_AUTORELEASING = YES;
				CLANG_WARN_BOOL_CONVERSION = YES;
				CLANG_WARN_COMMA = YES;
				CLANG_WARN_CONSTANT_CONVERSION = YES;
				CLANG_WARN_DEPRECATED_OBJC_IMPLEMENTATIONS = YES;
				CLANG_WARN_DIRECT_OBJC_ISA_USAGE = YES_ERROR;
				CLANG_WARN_DOCUMENTATION_COMMENTS = YES;
				CLANG_WARN_EMPTY_BODY = YES;
				CLANG_WARN_ENUM_CONVERSION = YES;
				CLANG_WARN_INFINITE_RECURSION = YES;
				CLANG_WARN_INT_CONVERSION = YES;
				CLANG_WARN_NON_LITERAL_NULL_CONVERSION = YES;
				CLANG_WARN_OBJC_IMPLICIT_RETAIN_SELF = YES;
				CLANG_WARN_OBJC_LITERAL_CONVERSION = YES;
				CLANG_WARN_OBJC_ROOT_CLASS = YES_ERROR;
				CLANG_WARN_QUOTED_INCLUDE_IN_FRAMEWORK_HEADER = YES;
				CLANG_WARN_RANGE_LOOP_ANALYSIS = YES;
				CLANG_WARN_STRICT_PROTOTYPES = YES;
				CLANG_WARN_SUSPICIOUS_MOVE = YES;
				CLANG_WARN_UNGUARDED_AVAILABILITY = YES_AGGRESSIVE;
				CLANG_WARN_UNREACHABLE_CODE = YES;
				CLANG_WARN__DUPLICATE_METHOD_MATCH = YES;
				COPY_PHASE_STRIP = NO;
				DEBUG_INFORMATION_FORMAT = "dwarf-with-dsym";
				ENABLE_NS_ASSERTIONS = NO;
				ENABLE_STRICT_OBJC_MSGSEND = YES;
				GCC_C_LANGUAGE_STANDARD = gnu11;
				GCC_NO_COMMON_BLOCKS = YES;
				GCC_WARN_64_TO_32_BIT_CONVERSION = YES;
				GCC_WARN_ABOUT_RETURN_TYPE = YES_ERROR;
				GCC_WARN_UNDECLARED_SELECTOR = YES;
				GCC_WARN_UNINITIALIZED_AUTOS = YES_AGGRESSIVE;
				GCC_WARN_UNUSED_FUNCTION = YES;
				GCC_WARN_UNUSED_VARIABLE = YES;
				IPHONEOS_DEPLOYMENT_TARGET = 14.0;
				MTL_ENABLE_DEBUG_INFO = NO;
				MTL_FAST_MATH = YES;
				SDKROOT = iphoneos;
				SWIFT_COMPILATION_MODE = wholemodule;
				SWIFT_OPTIMIZATION_LEVEL = "-O";
				VALIDATE_PRODUCT = YES;
			};
			name = Release;
		};
		C8DE7121295842DE00C0FA24 /* Debug */ = {
			isa = XCBuildConfiguration;
			buildSettings = {
				ASSETCATALOG_COMPILER_APPICON_NAME = AppIcon;
				ASSETCATALOG_COMPILER_GLOBAL_ACCENT_COLOR_NAME = AccentColor;
				CODE_SIGN_STYLE = Automatic;
				CURRENT_PROJECT_VERSION = 1;
				DEVELOPMENT_TEAM = C52UTF3KCV;
				GENERATE_INFOPLIST_FILE = YES;
				INFOPLIST_FILE = PhotoMemo/Info.plist;
				INFOPLIST_KEY_LSApplicationCategoryType = "public.app-category.productivity";
				INFOPLIST_KEY_NSPhotoLibraryUsageDescription = "메모의 사진 업로드를 위해 사진첩에 액세스하고 싶습니다. 귀하의 사진은 귀하의 허락없이 공유되지 않습니다. ";
				INFOPLIST_KEY_UIApplicationSupportsIndirectInputEvents = YES;
				INFOPLIST_KEY_UILaunchStoryboardName = LaunchScreen;
				INFOPLIST_KEY_UIMainStoryboardFile = Main;
				INFOPLIST_KEY_UISupportedInterfaceOrientations = UIInterfaceOrientationPortrait;
				INFOPLIST_KEY_UIUserInterfaceStyle = Light;
				LD_RUNPATH_SEARCH_PATHS = (
					"$(inherited)",
					"@executable_path/Frameworks",
				);
				MARKETING_VERSION = 1.0;
				PRODUCT_BUNDLE_IDENTIFIER = com.jessicaKoh.PhotoMemo;
				PRODUCT_NAME = "$(TARGET_NAME)";
				SUPPORTED_PLATFORMS = "iphoneos iphonesimulator";
				SUPPORTS_MACCATALYST = NO;
				SUPPORTS_MAC_DESIGNED_FOR_IPHONE_IPAD = NO;
				SWIFT_EMIT_LOC_STRINGS = YES;
				SWIFT_VERSION = 5.0;
				TARGETED_DEVICE_FAMILY = 1;
			};
			name = Debug;
		};
		C8DE7122295842DE00C0FA24 /* Release */ = {
			isa = XCBuildConfiguration;
			buildSettings = {
				ASSETCATALOG_COMPILER_APPICON_NAME = AppIcon;
				ASSETCATALOG_COMPILER_GLOBAL_ACCENT_COLOR_NAME = AccentColor;
				CODE_SIGN_STYLE = Automatic;
				CURRENT_PROJECT_VERSION = 1;
				DEVELOPMENT_TEAM = C52UTF3KCV;
				GENERATE_INFOPLIST_FILE = YES;
				INFOPLIST_FILE = PhotoMemo/Info.plist;
				INFOPLIST_KEY_LSApplicationCategoryType = "public.app-category.productivity";
				INFOPLIST_KEY_NSPhotoLibraryUsageDescription = "메모의 사진 업로드를 위해 사진첩에 액세스하고 싶습니다. 귀하의 사진은 귀하의 허락없이 공유되지 않습니다. ";
				INFOPLIST_KEY_UIApplicationSupportsIndirectInputEvents = YES;
				INFOPLIST_KEY_UILaunchStoryboardName = LaunchScreen;
				INFOPLIST_KEY_UIMainStoryboardFile = Main;
				INFOPLIST_KEY_UISupportedInterfaceOrientations = UIInterfaceOrientationPortrait;
				INFOPLIST_KEY_UIUserInterfaceStyle = Light;
				LD_RUNPATH_SEARCH_PATHS = (
					"$(inherited)",
					"@executable_path/Frameworks",
				);
				MARKETING_VERSION = 1.0;
				PRODUCT_BUNDLE_IDENTIFIER = com.jessicaKoh.PhotoMemo;
				PRODUCT_NAME = "$(TARGET_NAME)";
				SUPPORTED_PLATFORMS = "iphoneos iphonesimulator";
				SUPPORTS_MACCATALYST = NO;
				SUPPORTS_MAC_DESIGNED_FOR_IPHONE_IPAD = NO;
				SWIFT_EMIT_LOC_STRINGS = YES;
				SWIFT_VERSION = 5.0;
				TARGETED_DEVICE_FAMILY = 1;
			};
			name = Release;
		};
/* End XCBuildConfiguration section */

/* Begin XCConfigurationList section */
		C8DE7104295842DC00C0FA24 /* Build configuration list for PBXProject "PhotoMemo" */ = {
			isa = XCConfigurationList;
			buildConfigurations = (
				C8DE711E295842DE00C0FA24 /* Debug */,
				C8DE711F295842DE00C0FA24 /* Release */,
			);
			defaultConfigurationIsVisible = 0;
			defaultConfigurationName = Release;
		};
		C8DE7120295842DE00C0FA24 /* Build configuration list for PBXNativeTarget "PhotoMemo" */ = {
			isa = XCConfigurationList;
			buildConfigurations = (
				C8DE7121295842DE00C0FA24 /* Debug */,
				C8DE7122295842DE00C0FA24 /* Release */,
			);
			defaultConfigurationIsVisible = 0;
			defaultConfigurationName = Release;
		};
/* End XCConfigurationList section */

/* Begin XCRemoteSwiftPackageReference section */
		C81F2849295957E0004F026D /* XCRemoteSwiftPackageReference "IQKeyboardManager" */ = {
			isa = XCRemoteSwiftPackageReference;
			repositoryURL = "https://github.com/hackiftekhar/IQKeyboardManager.git";
			requirement = {
				kind = upToNextMajorVersion;
				minimumVersion = 6.5.0;
			};
		};
		C8DE7129295845D900C0FA24 /* XCRemoteSwiftPackageReference "SideMenu" */ = {
			isa = XCRemoteSwiftPackageReference;
			repositoryURL = "https://github.com/jonkykong/SideMenu";
			requirement = {
				kind = upToNextMajorVersion;
				minimumVersion = 6.0.0;
			};
		};
/* End XCRemoteSwiftPackageReference section */

/* Begin XCSwiftPackageProductDependency section */
		C81F284A295957E0004F026D /* IQKeyboardManagerSwift */ = {
			isa = XCSwiftPackageProductDependency;
			package = C81F2849295957E0004F026D /* XCRemoteSwiftPackageReference "IQKeyboardManager" */;
			productName = IQKeyboardManagerSwift;
		};
		C8DE712A295845DA00C0FA24 /* SideMenu */ = {
			isa = XCSwiftPackageProductDependency;
			package = C8DE7129295845D900C0FA24 /* XCRemoteSwiftPackageReference "SideMenu" */;
			productName = SideMenu;
		};
/* End XCSwiftPackageProductDependency section */

/* Begin XCVersionGroup section */
		C8DE7115295842DD00C0FA24 /* PhotoMemo.xcdatamodeld */ = {
			isa = XCVersionGroup;
			children = (
				C8DE7116295842DD00C0FA24 /* PhotoMemo.xcdatamodel */,
			);
			currentVersion = C8DE7116295842DD00C0FA24 /* PhotoMemo.xcdatamodel */;
			path = PhotoMemo.xcdatamodeld;
			sourceTree = "<group>";
			versionGroupType = wrapper.xcdatamodel;
		};
/* End XCVersionGroup section */
	};
	rootObject = C8DE7101295842DC00C0FA24 /* Project object */;
}
