// !$*UTF8*$!
{
	archiveVersion = 1;
	classes = {
	};
	objectVersion = 56;
	objects = {

/* Begin PBXBuildFile section */
		C8141FDA296BD14800AB0AAC /* MemoManager.swift in Sources */ = {isa = PBXBuildFile; fileRef = C8141FD9296BD14800AB0AAC /* MemoManager.swift */; };
		C81E062329E811DA00D22514 /* SnapKit in Frameworks */ = {isa = PBXBuildFile; productRef = C81E062229E811DA00D22514 /* SnapKit */; };
		C81E062629E811EC00D22514 /* Kingfisher in Frameworks */ = {isa = PBXBuildFile; productRef = C81E062529E811EC00D22514 /* Kingfisher */; };
		C81E062929E8126800D22514 /* FirebaseAuth in Frameworks */ = {isa = PBXBuildFile; productRef = C81E062829E8126800D22514 /* FirebaseAuth */; };
		C81E062B29E8126800D22514 /* FirebaseDatabase in Frameworks */ = {isa = PBXBuildFile; productRef = C81E062A29E8126800D22514 /* FirebaseDatabase */; };
		C81E062D29E8126800D22514 /* FirebaseFirestore in Frameworks */ = {isa = PBXBuildFile; productRef = C81E062C29E8126800D22514 /* FirebaseFirestore */; };
		C81E062F29E8126800D22514 /* FirebaseMessaging in Frameworks */ = {isa = PBXBuildFile; productRef = C81E062E29E8126800D22514 /* FirebaseMessaging */; };
		C81E063129E8126800D22514 /* FirebaseStorage in Frameworks */ = {isa = PBXBuildFile; productRef = C81E063029E8126800D22514 /* FirebaseStorage */; };
		C81E063F29E8144A00D22514 /* PhotoViewController.swift in Sources */ = {isa = PBXBuildFile; fileRef = C81E063E29E8144A00D22514 /* PhotoViewController.swift */; };
		C81E064129E8158900D22514 /* MainViewManager.swift in Sources */ = {isa = PBXBuildFile; fileRef = C81E064029E8158900D22514 /* MainViewManager.swift */; };
		C81E064329E9150E00D22514 /* SettingViewController.swift in Sources */ = {isa = PBXBuildFile; fileRef = C81E064229E9150E00D22514 /* SettingViewController.swift */; };
		C81E064529E92FCB00D22514 /* UIColor.swift in Sources */ = {isa = PBXBuildFile; fileRef = C81E064429E92FCA00D22514 /* UIColor.swift */; };
		C81E064829E9481300D22514 /* SettingView.swift in Sources */ = {isa = PBXBuildFile; fileRef = C81E064729E9481300D22514 /* SettingView.swift */; };
		C81E064A29E9483900D22514 /* Protocols.swift in Sources */ = {isa = PBXBuildFile; fileRef = C81E064929E9483900D22514 /* Protocols.swift */; };
		C81E065129E95FE600D22514 /* SettingCell.swift in Sources */ = {isa = PBXBuildFile; fileRef = C81E065029E95FE600D22514 /* SettingCell.swift */; };
		C81F284B295957E0004F026D /* IQKeyboardManagerSwift in Frameworks */ = {isa = PBXBuildFile; productRef = C81F284A295957E0004F026D /* IQKeyboardManagerSwift */; };
		C8A2872429F12EC900BF68FE /* RalmManager.swift in Sources */ = {isa = PBXBuildFile; fileRef = C8A2872329F12EC900BF68FE /* RalmManager.swift */; };
		C8A2872629F12FDA00BF68FE /* CalendarData.swift in Sources */ = {isa = PBXBuildFile; fileRef = C8A2872529F12FDA00BF68FE /* CalendarData.swift */; };
		C8A2872929F1427700BF68FE /* Realm in Frameworks */ = {isa = PBXBuildFile; productRef = C8A2872829F1427700BF68FE /* Realm */; };
		C8A2872B29F1427700BF68FE /* RealmSwift in Frameworks */ = {isa = PBXBuildFile; productRef = C8A2872A29F1427700BF68FE /* RealmSwift */; };
		C8B99E5D29EE80A0007506D0 /* SettingViewModel.swift in Sources */ = {isa = PBXBuildFile; fileRef = C8B99E5C29EE80A0007506D0 /* SettingViewModel.swift */; };
		C8B99E5F29EE8991007506D0 /* LoginViewController.swift in Sources */ = {isa = PBXBuildFile; fileRef = C8B99E5E29EE8991007506D0 /* LoginViewController.swift */; };
		C8B99E6129EE8A73007506D0 /* LoginView.swift in Sources */ = {isa = PBXBuildFile; fileRef = C8B99E6029EE8A73007506D0 /* LoginView.swift */; };
		C8B99E6329EE9680007506D0 /* PhotoView.swift in Sources */ = {isa = PBXBuildFile; fileRef = C8B99E6229EE9680007506D0 /* PhotoView.swift */; };
		C8B99E6729EEB0FC007506D0 /* PhotoViewModel.swift in Sources */ = {isa = PBXBuildFile; fileRef = C8B99E6629EEB0FC007506D0 /* PhotoViewModel.swift */; };
		C8B99E7029EEB247007506D0 /* CalendarCell.swift in Sources */ = {isa = PBXBuildFile; fileRef = C8B99E6F29EEB247007506D0 /* CalendarCell.swift */; };
		C8B99E7429EEB557007506D0 /* CalendarHelper.swift in Sources */ = {isa = PBXBuildFile; fileRef = C8B99E7329EEB557007506D0 /* CalendarHelper.swift */; };
		C8DE710D295842DD00C0FA24 /* AppDelegate.swift in Sources */ = {isa = PBXBuildFile; fileRef = C8DE710C295842DD00C0FA24 /* AppDelegate.swift */; };
		C8DE710F295842DD00C0FA24 /* SceneDelegate.swift in Sources */ = {isa = PBXBuildFile; fileRef = C8DE710E295842DD00C0FA24 /* SceneDelegate.swift */; };
		C8DE7111295842DD00C0FA24 /* ViewController.swift in Sources */ = {isa = PBXBuildFile; fileRef = C8DE7110295842DD00C0FA24 /* ViewController.swift */; };
		C8DE7117295842DD00C0FA24 /* PhotoMemo.xcdatamodeld in Sources */ = {isa = PBXBuildFile; fileRef = C8DE7115295842DD00C0FA24 /* PhotoMemo.xcdatamodeld */; };
		C8DE7119295842DE00C0FA24 /* Assets.xcassets in Resources */ = {isa = PBXBuildFile; fileRef = C8DE7118295842DE00C0FA24 /* Assets.xcassets */; };
		C8DE711C295842DE00C0FA24 /* LaunchScreen.storyboard in Resources */ = {isa = PBXBuildFile; fileRef = C8DE711A295842DE00C0FA24 /* LaunchScreen.storyboard */; };
		C8DE7128295843C300C0FA24 /* DetailViewController.swift in Sources */ = {isa = PBXBuildFile; fileRef = C8DE7127295843C300C0FA24 /* DetailViewController.swift */; };
		C8DE712B295845DA00C0FA24 /* SideMenu in Frameworks */ = {isa = PBXBuildFile; productRef = C8DE712A295845DA00C0FA24 /* SideMenu */; };
		C8DE712D295845E900C0FA24 /* SideMenuViewController.swift in Sources */ = {isa = PBXBuildFile; fileRef = C8DE712C295845E900C0FA24 /* SideMenuViewController.swift */; };
		C8DE712F2958465300C0FA24 /* MemoCell.swift in Sources */ = {isa = PBXBuildFile; fileRef = C8DE712E2958465300C0FA24 /* MemoCell.swift */; };
		C8DE71322958469A00C0FA24 /* Diary+CoreDataClass.swift in Sources */ = {isa = PBXBuildFile; fileRef = C8DE71302958469A00C0FA24 /* Diary+CoreDataClass.swift */; };
		C8DE71332958469A00C0FA24 /* Diary+CoreDataProperties.swift in Sources */ = {isa = PBXBuildFile; fileRef = C8DE71312958469A00C0FA24 /* Diary+CoreDataProperties.swift */; };
		C8DE713529584B5400C0FA24 /* CoreDataManager.swift in Sources */ = {isa = PBXBuildFile; fileRef = C8DE713429584B5400C0FA24 /* CoreDataManager.swift */; };
		C8F3A1DD29EFE77E00B9AF2C /* PhotoDetailViewController.swift in Sources */ = {isa = PBXBuildFile; fileRef = C8F3A1DC29EFE77E00B9AF2C /* PhotoDetailViewController.swift */; };
		C8F3A1DF29EFE8C500B9AF2C /* PhotoDetailView.swift in Sources */ = {isa = PBXBuildFile; fileRef = C8F3A1DE29EFE8C500B9AF2C /* PhotoDetailView.swift */; };
/* End PBXBuildFile section */

/* Begin PBXFileReference section */
		C8141FD9296BD14800AB0AAC /* MemoManager.swift */ = {isa = PBXFileReference; lastKnownFileType = sourcecode.swift; path = MemoManager.swift; sourceTree = "<group>"; };
		C81E063E29E8144A00D22514 /* PhotoViewController.swift */ = {isa = PBXFileReference; lastKnownFileType = sourcecode.swift; path = PhotoViewController.swift; sourceTree = "<group>"; };
		C81E064029E8158900D22514 /* MainViewManager.swift */ = {isa = PBXFileReference; lastKnownFileType = sourcecode.swift; path = MainViewManager.swift; sourceTree = "<group>"; };
		C81E064229E9150E00D22514 /* SettingViewController.swift */ = {isa = PBXFileReference; lastKnownFileType = sourcecode.swift; path = SettingViewController.swift; sourceTree = "<group>"; };
		C81E064429E92FCA00D22514 /* UIColor.swift */ = {isa = PBXFileReference; lastKnownFileType = sourcecode.swift; path = UIColor.swift; sourceTree = "<group>"; };
		C81E064729E9481300D22514 /* SettingView.swift */ = {isa = PBXFileReference; lastKnownFileType = sourcecode.swift; path = SettingView.swift; sourceTree = "<group>"; };
		C81E064929E9483900D22514 /* Protocols.swift */ = {isa = PBXFileReference; lastKnownFileType = sourcecode.swift; path = Protocols.swift; sourceTree = "<group>"; };
		C81E065029E95FE600D22514 /* SettingCell.swift */ = {isa = PBXFileReference; lastKnownFileType = sourcecode.swift; path = SettingCell.swift; sourceTree = "<group>"; };
		C8A2872329F12EC900BF68FE /* RalmManager.swift */ = {isa = PBXFileReference; lastKnownFileType = sourcecode.swift; path = RalmManager.swift; sourceTree = "<group>"; };
		C8A2872529F12FDA00BF68FE /* CalendarData.swift */ = {isa = PBXFileReference; lastKnownFileType = sourcecode.swift; path = CalendarData.swift; sourceTree = "<group>"; };
		C8B99E5C29EE80A0007506D0 /* SettingViewModel.swift */ = {isa = PBXFileReference; lastKnownFileType = sourcecode.swift; path = SettingViewModel.swift; sourceTree = "<group>"; };
		C8B99E5E29EE8991007506D0 /* LoginViewController.swift */ = {isa = PBXFileReference; lastKnownFileType = sourcecode.swift; path = LoginViewController.swift; sourceTree = "<group>"; };
		C8B99E6029EE8A73007506D0 /* LoginView.swift */ = {isa = PBXFileReference; lastKnownFileType = sourcecode.swift; path = LoginView.swift; sourceTree = "<group>"; };
		C8B99E6229EE9680007506D0 /* PhotoView.swift */ = {isa = PBXFileReference; lastKnownFileType = sourcecode.swift; path = PhotoView.swift; sourceTree = "<group>"; };
		C8B99E6629EEB0FC007506D0 /* PhotoViewModel.swift */ = {isa = PBXFileReference; lastKnownFileType = sourcecode.swift; path = PhotoViewModel.swift; sourceTree = "<group>"; };
		C8B99E6F29EEB247007506D0 /* CalendarCell.swift */ = {isa = PBXFileReference; lastKnownFileType = sourcecode.swift; path = CalendarCell.swift; sourceTree = "<group>"; };
		C8B99E7329EEB557007506D0 /* CalendarHelper.swift */ = {isa = PBXFileReference; lastKnownFileType = sourcecode.swift; path = CalendarHelper.swift; sourceTree = "<group>"; };
		C8DE7109295842DD00C0FA24 /* PhotoMemo.app */ = {isa = PBXFileReference; explicitFileType = wrapper.application; includeInIndex = 0; path = PhotoMemo.app; sourceTree = BUILT_PRODUCTS_DIR; };
		C8DE710C295842DD00C0FA24 /* AppDelegate.swift */ = {isa = PBXFileReference; lastKnownFileType = sourcecode.swift; path = AppDelegate.swift; sourceTree = "<group>"; };
		C8DE710E295842DD00C0FA24 /* SceneDelegate.swift */ = {isa = PBXFileReference; lastKnownFileType = sourcecode.swift; path = SceneDelegate.swift; sourceTree = "<group>"; };
		C8DE7110295842DD00C0FA24 /* ViewController.swift */ = {isa = PBXFileReference; lastKnownFileType = sourcecode.swift; path = ViewController.swift; sourceTree = "<group>"; };
		C8DE7116295842DD00C0FA24 /* PhotoMemo.xcdatamodel */ = {isa = PBXFileReference; lastKnownFileType = wrapper.xcdatamodel; path = PhotoMemo.xcdatamodel; sourceTree = "<group>"; };
		C8DE7118295842DE00C0FA24 /* Assets.xcassets */ = {isa = PBXFileReference; lastKnownFileType = folder.assetcatalog; path = Assets.xcassets; sourceTree = "<group>"; };
		C8DE711B295842DE00C0FA24 /* Base */ = {isa = PBXFileReference; lastKnownFileType = file.storyboard; name = Base; path = Base.lproj/LaunchScreen.storyboard; sourceTree = "<group>"; };
		C8DE711D295842DE00C0FA24 /* Info.plist */ = {isa = PBXFileReference; lastKnownFileType = text.plist.xml; path = Info.plist; sourceTree = "<group>"; };
		C8DE7127295843C300C0FA24 /* DetailViewController.swift */ = {isa = PBXFileReference; lastKnownFileType = sourcecode.swift; path = DetailViewController.swift; sourceTree = "<group>"; };
		C8DE712C295845E900C0FA24 /* SideMenuViewController.swift */ = {isa = PBXFileReference; lastKnownFileType = sourcecode.swift; path = SideMenuViewController.swift; sourceTree = "<group>"; };
		C8DE712E2958465300C0FA24 /* MemoCell.swift */ = {isa = PBXFileReference; lastKnownFileType = sourcecode.swift; path = MemoCell.swift; sourceTree = "<group>"; };
		C8DE71302958469A00C0FA24 /* Diary+CoreDataClass.swift */ = {isa = PBXFileReference; lastKnownFileType = sourcecode.swift; path = "Diary+CoreDataClass.swift"; sourceTree = "<group>"; };
		C8DE71312958469A00C0FA24 /* Diary+CoreDataProperties.swift */ = {isa = PBXFileReference; lastKnownFileType = sourcecode.swift; path = "Diary+CoreDataProperties.swift"; sourceTree = "<group>"; };
		C8DE713429584B5400C0FA24 /* CoreDataManager.swift */ = {isa = PBXFileReference; lastKnownFileType = sourcecode.swift; path = CoreDataManager.swift; sourceTree = "<group>"; };
		C8F3A1DC29EFE77E00B9AF2C /* PhotoDetailViewController.swift */ = {isa = PBXFileReference; lastKnownFileType = sourcecode.swift; path = PhotoDetailViewController.swift; sourceTree = "<group>"; };
		C8F3A1DE29EFE8C500B9AF2C /* PhotoDetailView.swift */ = {isa = PBXFileReference; lastKnownFileType = sourcecode.swift; path = PhotoDetailView.swift; sourceTree = "<group>"; };
/* End PBXFileReference section */

/* Begin PBXFrameworksBuildPhase section */
		C8DE7106295842DC00C0FA24 /* Frameworks */ = {
			isa = PBXFrameworksBuildPhase;
			buildActionMask = 2147483647;
			files = (
				C81E062F29E8126800D22514 /* FirebaseMessaging in Frameworks */,
				C81E062929E8126800D22514 /* FirebaseAuth in Frameworks */,
				C81E063129E8126800D22514 /* FirebaseStorage in Frameworks */,
				C81E062329E811DA00D22514 /* SnapKit in Frameworks */,
				C8A2872929F1427700BF68FE /* Realm in Frameworks */,
				C8DE712B295845DA00C0FA24 /* SideMenu in Frameworks */,
				C81F284B295957E0004F026D /* IQKeyboardManagerSwift in Frameworks */,
				C81E062D29E8126800D22514 /* FirebaseFirestore in Frameworks */,
				C8A2872B29F1427700BF68FE /* RealmSwift in Frameworks */,
				C81E062B29E8126800D22514 /* FirebaseDatabase in Frameworks */,
				C81E062629E811EC00D22514 /* Kingfisher in Frameworks */,
			);
			runOnlyForDeploymentPostprocessing = 0;
		};
/* End PBXFrameworksBuildPhase section */

/* Begin PBXGroup section */
		C81E063229E812F100D22514 /* PM1 */ = {
			isa = PBXGroup;
			children = (
				C8DE7124295842FF00C0FA24 /* Models */,
			);
			path = PM1;
			sourceTree = "<group>";
		};
		C81E063329E8136400D22514 /* Resources */ = {
			isa = PBXGroup;
			children = (
				C8DE711A295842DE00C0FA24 /* LaunchScreen.storyboard */,
				C8DE7118295842DE00C0FA24 /* Assets.xcassets */,
			);
			path = Resources;
			sourceTree = "<group>";
		};
		C81E063429E8138200D22514 /* Models */ = {
			isa = PBXGroup;
			children = (
				C8A2872529F12FDA00BF68FE /* CalendarData.swift */,
			);
			path = Models;
			sourceTree = "<group>";
		};
		C81E063529E8138700D22514 /* View */ = {
			isa = PBXGroup;
			children = (
				C81E064629E9480800D22514 /* Views */,
				C81E063A29E813E200D22514 /* Controllers */,
			);
			path = View;
			sourceTree = "<group>";
		};
		C81E063629E8138C00D22514 /* ViewModels */ = {
			isa = PBXGroup;
			children = (
				C8B99E6829EEB101007506D0 /* Photo */,
				C8B99E6929EEB106007506D0 /* Setting */,
			);
			path = ViewModels;
			sourceTree = "<group>";
		};
		C81E063729E8138F00D22514 /* APIs */ = {
			isa = PBXGroup;
			children = (
			);
			path = APIs;
			sourceTree = "<group>";
		};
		C81E063829E8139500D22514 /* Utils */ = {
			isa = PBXGroup;
			children = (
				C81E063929E8139900D22514 /* Extensions */,
			);
			path = Utils;
			sourceTree = "<group>";
		};
		C81E063929E8139900D22514 /* Extensions */ = {
			isa = PBXGroup;
			children = (
				C81E064429E92FCA00D22514 /* UIColor.swift */,
				C81E064929E9483900D22514 /* Protocols.swift */,
			);
			path = Extensions;
			sourceTree = "<group>";
		};
		C81E063A29E813E200D22514 /* Controllers */ = {
			isa = PBXGroup;
			children = (
				C81E063B29E8141E00D22514 /* Login */,
				C81E063C29E8142400D22514 /* Photo */,
				C81E063D29E8142F00D22514 /* Setting */,
			);
			path = Controllers;
			sourceTree = "<group>";
		};
		C81E063B29E8141E00D22514 /* Login */ = {
			isa = PBXGroup;
			children = (
				C8B99E5E29EE8991007506D0 /* LoginViewController.swift */,
			);
			path = Login;
			sourceTree = "<group>";
		};
		C81E063C29E8142400D22514 /* Photo */ = {
			isa = PBXGroup;
			children = (
				C81E063E29E8144A00D22514 /* PhotoViewController.swift */,
				C8F3A1DC29EFE77E00B9AF2C /* PhotoDetailViewController.swift */,
			);
			path = Photo;
			sourceTree = "<group>";
		};
		C81E063D29E8142F00D22514 /* Setting */ = {
			isa = PBXGroup;
			children = (
				C81E064229E9150E00D22514 /* SettingViewController.swift */,
			);
			path = Setting;
			sourceTree = "<group>";
		};
		C81E064629E9480800D22514 /* Views */ = {
			isa = PBXGroup;
			children = (
				C81E064C29E9496600D22514 /* Login */,
				C81E064E29E9497100D22514 /* Photo */,
				C81E064D29E9496F00D22514 /* Setting */,
			);
			path = Views;
			sourceTree = "<group>";
		};
		C81E064C29E9496600D22514 /* Login */ = {
			isa = PBXGroup;
			children = (
				C8B99E6029EE8A73007506D0 /* LoginView.swift */,
			);
			path = Login;
			sourceTree = "<group>";
		};
		C81E064D29E9496F00D22514 /* Setting */ = {
			isa = PBXGroup;
			children = (
				C81E064729E9481300D22514 /* SettingView.swift */,
			);
			path = Setting;
			sourceTree = "<group>";
		};
		C81E064E29E9497100D22514 /* Photo */ = {
			isa = PBXGroup;
			children = (
				C8B99E6229EE9680007506D0 /* PhotoView.swift */,
				C8F3A1DE29EFE8C500B9AF2C /* PhotoDetailView.swift */,
			);
			path = Photo;
			sourceTree = "<group>";
		};
		C81E065229E95FE900D22514 /* Cells */ = {
			isa = PBXGroup;
			children = (
				C8B99E6A29EEB18B007506D0 /* Photo */,
				C8B99E6B29EEB18F007506D0 /* Setting */,
			);
			path = Cells;
			sourceTree = "<group>";
		};
		C8B99E6829EEB101007506D0 /* Photo */ = {
			isa = PBXGroup;
			children = (
				C8B99E6629EEB0FC007506D0 /* PhotoViewModel.swift */,
			);
			path = Photo;
			sourceTree = "<group>";
		};
		C8B99E6929EEB106007506D0 /* Setting */ = {
			isa = PBXGroup;
			children = (
				C8B99E5C29EE80A0007506D0 /* SettingViewModel.swift */,
			);
			path = Setting;
			sourceTree = "<group>";
		};
		C8B99E6A29EEB18B007506D0 /* Photo */ = {
			isa = PBXGroup;
			children = (
				C8B99E6F29EEB247007506D0 /* CalendarCell.swift */,
			);
			path = Photo;
			sourceTree = "<group>";
		};
		C8B99E6B29EEB18F007506D0 /* Setting */ = {
			isa = PBXGroup;
			children = (
				C81E065029E95FE600D22514 /* SettingCell.swift */,
			);
			path = Setting;
			sourceTree = "<group>";
		};
		C8DE7100295842DC00C0FA24 = {
			isa = PBXGroup;
			children = (
				C8DE710B295842DD00C0FA24 /* PhotoMemo */,
				C8DE710A295842DD00C0FA24 /* Products */,
			);
			sourceTree = "<group>";
		};
		C8DE710A295842DD00C0FA24 /* Products */ = {
			isa = PBXGroup;
			children = (
				C8DE7109295842DD00C0FA24 /* PhotoMemo.app */,
			);
			name = Products;
			sourceTree = "<group>";
		};
		C8DE710B295842DD00C0FA24 /* PhotoMemo */ = {
			isa = PBXGroup;
			children = (
				C8DE710C295842DD00C0FA24 /* AppDelegate.swift */,
				C8DE710E295842DD00C0FA24 /* SceneDelegate.swift */,
				C81E063329E8136400D22514 /* Resources */,
				C81E063429E8138200D22514 /* Models */,
				C81E063529E8138700D22514 /* View */,
				C81E065229E95FE900D22514 /* Cells */,
				C81E063629E8138C00D22514 /* ViewModels */,
				C81E063729E8138F00D22514 /* APIs */,
				C81E063829E8139500D22514 /* Utils */,
				C8DE71252958430300C0FA24 /* Views */,
				C8DE7123295842F700C0FA24 /* Helpers */,
				C81E063229E812F100D22514 /* PM1 */,
				C8DE711D295842DE00C0FA24 /* Info.plist */,
				C8DE7115295842DD00C0FA24 /* PhotoMemo.xcdatamodeld */,
			);
			path = PhotoMemo;
			sourceTree = "<group>";
		};
		C8DE7123295842F700C0FA24 /* Helpers */ = {
			isa = PBXGroup;
			children = (
				C8A2872329F12EC900BF68FE /* RalmManager.swift */,
				C81E064029E8158900D22514 /* MainViewManager.swift */,
				C8B99E7329EEB557007506D0 /* CalendarHelper.swift */,
			);
			path = Helpers;
			sourceTree = "<group>";
		};
		C8DE7124295842FF00C0FA24 /* Models */ = {
			isa = PBXGroup;
			children = (
				C8DE71302958469A00C0FA24 /* Diary+CoreDataClass.swift */,
				C8DE71312958469A00C0FA24 /* Diary+CoreDataProperties.swift */,
				C8DE713429584B5400C0FA24 /* CoreDataManager.swift */,
				C8141FD9296BD14800AB0AAC /* MemoManager.swift */,
				C8DE71262958430700C0FA24 /* Controllers */,
			);
			path = Models;
			sourceTree = "<group>";
		};
		C8DE71252958430300C0FA24 /* Views */ = {
			isa = PBXGroup;
			children = (
			);
			path = Views;
			sourceTree = "<group>";
		};
		C8DE71262958430700C0FA24 /* Controllers */ = {
			isa = PBXGroup;
			children = (
				C8DE7110295842DD00C0FA24 /* ViewController.swift */,
				C8DE7127295843C300C0FA24 /* DetailViewController.swift */,
				C8DE712C295845E900C0FA24 /* SideMenuViewController.swift */,
				C8DE712E2958465300C0FA24 /* MemoCell.swift */,
			);
			path = Controllers;
			sourceTree = "<group>";
		};
/* End PBXGroup section */

/* Begin PBXNativeTarget section */
		C8DE7108295842DC00C0FA24 /* PhotoMemo */ = {
			isa = PBXNativeTarget;
			buildConfigurationList = C8DE7120295842DE00C0FA24 /* Build configuration list for PBXNativeTarget "PhotoMemo" */;
			buildPhases = (
				C8DE7105295842DC00C0FA24 /* Sources */,
				C8DE7106295842DC00C0FA24 /* Frameworks */,
				C8DE7107295842DC00C0FA24 /* Resources */,
			);
			buildRules = (
			);
			dependencies = (
			);
			name = PhotoMemo;
			packageProductDependencies = (
				C8DE712A295845DA00C0FA24 /* SideMenu */,
				C81F284A295957E0004F026D /* IQKeyboardManagerSwift */,
				C81E062229E811DA00D22514 /* SnapKit */,
				C81E062529E811EC00D22514 /* Kingfisher */,
				C81E062829E8126800D22514 /* FirebaseAuth */,
				C81E062A29E8126800D22514 /* FirebaseDatabase */,
				C81E062C29E8126800D22514 /* FirebaseFirestore */,
				C81E062E29E8126800D22514 /* FirebaseMessaging */,
				C81E063029E8126800D22514 /* FirebaseStorage */,
				C8A2872829F1427700BF68FE /* Realm */,
				C8A2872A29F1427700BF68FE /* RealmSwift */,
			);
			productName = PhotoMemo;
			productReference = C8DE7109295842DD00C0FA24 /* PhotoMemo.app */;
			productType = "com.apple.product-type.application";
		};
/* End PBXNativeTarget section */

/* Begin PBXProject section */
		C8DE7101295842DC00C0FA24 /* Project object */ = {
			isa = PBXProject;
			attributes = {
				BuildIndependentTargetsInParallel = 1;
				LastSwiftUpdateCheck = 1400;
				LastUpgradeCheck = 1400;
				TargetAttributes = {
					C8DE7108295842DC00C0FA24 = {
						CreatedOnToolsVersion = 14.0.1;
					};
				};
			};
			buildConfigurationList = C8DE7104295842DC00C0FA24 /* Build configuration list for PBXProject "PhotoMemo" */;
			compatibilityVersion = "Xcode 14.0";
			developmentRegion = en;
			hasScannedForEncodings = 0;
			knownRegions = (
				en,
				Base,
			);
			mainGroup = C8DE7100295842DC00C0FA24;
			packageReferences = (
				C8DE7129295845D900C0FA24 /* XCRemoteSwiftPackageReference "SideMenu" */,
				C81F2849295957E0004F026D /* XCRemoteSwiftPackageReference "IQKeyboardManager" */,
				C81E062129E811DA00D22514 /* XCRemoteSwiftPackageReference "SnapKit" */,
				C81E062429E811EC00D22514 /* XCRemoteSwiftPackageReference "Kingfisher" */,
				C81E062729E8126800D22514 /* XCRemoteSwiftPackageReference "firebase-ios-sdk" */,
				C8A2872729F1427700BF68FE /* XCRemoteSwiftPackageReference "realm-swift" */,
			);
			productRefGroup = C8DE710A295842DD00C0FA24 /* Products */;
			projectDirPath = "";
			projectRoot = "";
			targets = (
				C8DE7108295842DC00C0FA24 /* PhotoMemo */,
			);
		};
/* End PBXProject section */

/* Begin PBXResourcesBuildPhase section */
		C8DE7107295842DC00C0FA24 /* Resources */ = {
			isa = PBXResourcesBuildPhase;
			buildActionMask = 2147483647;
			files = (
				C8DE711C295842DE00C0FA24 /* LaunchScreen.storyboard in Resources */,
				C8DE7119295842DE00C0FA24 /* Assets.xcassets in Resources */,
			);
			runOnlyForDeploymentPostprocessing = 0;
		};
/* End PBXResourcesBuildPhase section */

/* Begin PBXSourcesBuildPhase section */
		C8DE7105295842DC00C0FA24 /* Sources */ = {
			isa = PBXSourcesBuildPhase;
			buildActionMask = 2147483647;
			files = (
				C81E064129E8158900D22514 /* MainViewManager.swift in Sources */,
				C8DE7111295842DD00C0FA24 /* ViewController.swift in Sources */,
				C8DE71322958469A00C0FA24 /* Diary+CoreDataClass.swift in Sources */,
				C8DE710D295842DD00C0FA24 /* AppDelegate.swift in Sources */,
				C81E064529E92FCB00D22514 /* UIColor.swift in Sources */,
				C8A2872629F12FDA00BF68FE /* CalendarData.swift in Sources */,
				C8B99E6329EE9680007506D0 /* PhotoView.swift in Sources */,
				C81E064829E9481300D22514 /* SettingView.swift in Sources */,
				C8DE7128295843C300C0FA24 /* DetailViewController.swift in Sources */,
				C8F3A1DD29EFE77E00B9AF2C /* PhotoDetailViewController.swift in Sources */,
				C8B99E7429EEB557007506D0 /* CalendarHelper.swift in Sources */,
				C81E064329E9150E00D22514 /* SettingViewController.swift in Sources */,
				C8B99E7029EEB247007506D0 /* CalendarCell.swift in Sources */,
				C8B99E5F29EE8991007506D0 /* LoginViewController.swift in Sources */,
				C8DE7117295842DD00C0FA24 /* PhotoMemo.xcdatamodeld in Sources */,
				C81E063F29E8144A00D22514 /* PhotoViewController.swift in Sources */,
				C8B99E6729EEB0FC007506D0 /* PhotoViewModel.swift in Sources */,
				C8F3A1DF29EFE8C500B9AF2C /* PhotoDetailView.swift in Sources */,
				C8DE712D295845E900C0FA24 /* SideMenuViewController.swift in Sources */,
				C8DE71332958469A00C0FA24 /* Diary+CoreDataProperties.swift in Sources */,
				C8DE710F295842DD00C0FA24 /* SceneDelegate.swift in Sources */,
				C81E065129E95FE600D22514 /* SettingCell.swift in Sources */,
				C8B99E6129EE8A73007506D0 /* LoginView.swift in Sources */,
				C8DE713529584B5400C0FA24 /* CoreDataManager.swift in Sources */,
				C8B99E5D29EE80A0007506D0 /* SettingViewModel.swift in Sources */,
				C8DE712F2958465300C0FA24 /* MemoCell.swift in Sources */,
				C81E064A29E9483900D22514 /* Protocols.swift in Sources */,
				C8141FDA296BD14800AB0AAC /* MemoManager.swift in Sources */,
				C8A2872429F12EC900BF68FE /* RalmManager.swift in Sources */,
			);
			runOnlyForDeploymentPostprocessing = 0;
		};
/* End PBXSourcesBuildPhase section */

/* Begin PBXVariantGroup section */
		C8DE711A295842DE00C0FA24 /* LaunchScreen.storyboard */ = {
			isa = PBXVariantGroup;
			children = (
				C8DE711B295842DE00C0FA24 /* Base */,
			);
			name = LaunchScreen.storyboard;
			sourceTree = "<group>";
		};
/* End PBXVariantGroup section */

/* Begin XCBuildConfiguration section */
		C8DE711E295842DE00C0FA24 /* Debug */ = {
			isa = XCBuildConfiguration;
			buildSettings = {
				ALWAYS_SEARCH_USER_PATHS = NO;
				CLANG_ANALYZER_NONNULL = YES;
				CLANG_ANALYZER_NUMBER_OBJECT_CONVERSION = YES_AGGRESSIVE;
				CLANG_CXX_LANGUAGE_STANDARD = "gnu++20";
				CLANG_ENABLE_MODULES = YES;
				CLANG_ENABLE_OBJC_ARC = YES;
				CLANG_ENABLE_OBJC_WEAK = YES;
				CLANG_WARN_BLOCK_CAPTURE_AUTORELEASING = YES;
				CLANG_WARN_BOOL_CONVERSION = YES;
				CLANG_WARN_COMMA = YES;
				CLANG_WARN_CONSTANT_CONVERSION = YES;
				CLANG_WARN_DEPRECATED_OBJC_IMPLEMENTATIONS = YES;
				CLANG_WARN_DIRECT_OBJC_ISA_USAGE = YES_ERROR;
				CLANG_WARN_DOCUMENTATION_COMMENTS = YES;
				CLANG_WARN_EMPTY_BODY = YES;
				CLANG_WARN_ENUM_CONVERSION = YES;
				CLANG_WARN_INFINITE_RECURSION = YES;
				CLANG_WARN_INT_CONVERSION = YES;
				CLANG_WARN_NON_LITERAL_NULL_CONVERSION = YES;
				CLANG_WARN_OBJC_IMPLICIT_RETAIN_SELF = YES;
				CLANG_WARN_OBJC_LITERAL_CONVERSION = YES;
				CLANG_WARN_OBJC_ROOT_CLASS = YES_ERROR;
				CLANG_WARN_QUOTED_INCLUDE_IN_FRAMEWORK_HEADER = YES;
				CLANG_WARN_RANGE_LOOP_ANALYSIS = YES;
				CLANG_WARN_STRICT_PROTOTYPES = YES;
				CLANG_WARN_SUSPICIOUS_MOVE = YES;
				CLANG_WARN_UNGUARDED_AVAILABILITY = YES_AGGRESSIVE;
				CLANG_WARN_UNREACHABLE_CODE = YES;
				CLANG_WARN__DUPLICATE_METHOD_MATCH = YES;
				COPY_PHASE_STRIP = NO;
				DEBUG_INFORMATION_FORMAT = dwarf;
				ENABLE_STRICT_OBJC_MSGSEND = YES;
				ENABLE_TESTABILITY = YES;
				GCC_C_LANGUAGE_STANDARD = gnu11;
				GCC_DYNAMIC_NO_PIC = NO;
				GCC_NO_COMMON_BLOCKS = YES;
				GCC_OPTIMIZATION_LEVEL = 0;
				GCC_PREPROCESSOR_DEFINITIONS = (
					"DEBUG=1",
					"$(inherited)",
				);
				GCC_WARN_64_TO_32_BIT_CONVERSION = YES;
				GCC_WARN_ABOUT_RETURN_TYPE = YES_ERROR;
				GCC_WARN_UNDECLARED_SELECTOR = YES;
				GCC_WARN_UNINITIALIZED_AUTOS = YES_AGGRESSIVE;
				GCC_WARN_UNUSED_FUNCTION = YES;
				GCC_WARN_UNUSED_VARIABLE = YES;
				IPHONEOS_DEPLOYMENT_TARGET = 14.0;
				MTL_ENABLE_DEBUG_INFO = INCLUDE_SOURCE;
				MTL_FAST_MATH = YES;
				ONLY_ACTIVE_ARCH = YES;
				SDKROOT = iphoneos;
				SWIFT_ACTIVE_COMPILATION_CONDITIONS = DEBUG;
				SWIFT_OPTIMIZATION_LEVEL = "-Onone";
			};
			name = Debug;
		};
		C8DE711F295842DE00C0FA24 /* Release */ = {
			isa = XCBuildConfiguration;
			buildSettings = {
				ALWAYS_SEARCH_USER_PATHS = NO;
				CLANG_ANALYZER_NONNULL = YES;
				CLANG_ANALYZER_NUMBER_OBJECT_CONVERSION = YES_AGGRESSIVE;
				CLANG_CXX_LANGUAGE_STANDARD = "gnu++20";
				CLANG_ENABLE_MODULES = YES;
				CLANG_ENABLE_OBJC_ARC = YES;
				CLANG_ENABLE_OBJC_WEAK = YES;
				CLANG_WARN_BLOCK_CAPTURE_AUTORELEASING = YES;
				CLANG_WARN_BOOL_CONVERSION = YES;
				CLANG_WARN_COMMA = YES;
				CLANG_WARN_CONSTANT_CONVERSION = YES;
				CLANG_WARN_DEPRECATED_OBJC_IMPLEMENTATIONS = YES;
				CLANG_WARN_DIRECT_OBJC_ISA_USAGE = YES_ERROR;
				CLANG_WARN_DOCUMENTATION_COMMENTS = YES;
				CLANG_WARN_EMPTY_BODY = YES;
				CLANG_WARN_ENUM_CONVERSION = YES;
				CLANG_WARN_INFINITE_RECURSION = YES;
				CLANG_WARN_INT_CONVERSION = YES;
				CLANG_WARN_NON_LITERAL_NULL_CONVERSION = YES;
				CLANG_WARN_OBJC_IMPLICIT_RETAIN_SELF = YES;
				CLANG_WARN_OBJC_LITERAL_CONVERSION = YES;
				CLANG_WARN_OBJC_ROOT_CLASS = YES_ERROR;
				CLANG_WARN_QUOTED_INCLUDE_IN_FRAMEWORK_HEADER = YES;
				CLANG_WARN_RANGE_LOOP_ANALYSIS = YES;
				CLANG_WARN_STRICT_PROTOTYPES = YES;
				CLANG_WARN_SUSPICIOUS_MOVE = YES;
				CLANG_WARN_UNGUARDED_AVAILABILITY = YES_AGGRESSIVE;
				CLANG_WARN_UNREACHABLE_CODE = YES;
				CLANG_WARN__DUPLICATE_METHOD_MATCH = YES;
				COPY_PHASE_STRIP = NO;
				DEBUG_INFORMATION_FORMAT = "dwarf-with-dsym";
				ENABLE_NS_ASSERTIONS = NO;
				ENABLE_STRICT_OBJC_MSGSEND = YES;
				GCC_C_LANGUAGE_STANDARD = gnu11;
				GCC_NO_COMMON_BLOCKS = YES;
				GCC_WARN_64_TO_32_BIT_CONVERSION = YES;
				GCC_WARN_ABOUT_RETURN_TYPE = YES_ERROR;
				GCC_WARN_UNDECLARED_SELECTOR = YES;
				GCC_WARN_UNINITIALIZED_AUTOS = YES_AGGRESSIVE;
				GCC_WARN_UNUSED_FUNCTION = YES;
				GCC_WARN_UNUSED_VARIABLE = YES;
				IPHONEOS_DEPLOYMENT_TARGET = 14.0;
				MTL_ENABLE_DEBUG_INFO = NO;
				MTL_FAST_MATH = YES;
				SDKROOT = iphoneos;
				SWIFT_COMPILATION_MODE = wholemodule;
				SWIFT_OPTIMIZATION_LEVEL = "-O";
				VALIDATE_PRODUCT = YES;
			};
			name = Release;
		};
		C8DE7121295842DE00C0FA24 /* Debug */ = {
			isa = XCBuildConfiguration;
			buildSettings = {
				ASSETCATALOG_COMPILER_APPICON_NAME = AppIcon;
				ASSETCATALOG_COMPILER_GLOBAL_ACCENT_COLOR_NAME = AccentColor;
				CODE_SIGN_STYLE = Automatic;
				CURRENT_PROJECT_VERSION = 2;
				DEVELOPMENT_TEAM = C52UTF3KCV;
				GENERATE_INFOPLIST_FILE = YES;
				INFOPLIST_FILE = PhotoMemo/Info.plist;
				INFOPLIST_KEY_LSApplicationCategoryType = "public.app-category.productivity";
				INFOPLIST_KEY_NSPhotoLibraryUsageDescription = "메모의 사진 업로드를 위해 사진첩에 액세스하고 싶습니다. 귀하의 사진은 귀하의 허락없이 공유되지 않습니다. ";
				INFOPLIST_KEY_UIApplicationSupportsIndirectInputEvents = YES;
				INFOPLIST_KEY_UILaunchStoryboardName = LaunchScreen;
				INFOPLIST_KEY_UISupportedInterfaceOrientations = UIInterfaceOrientationPortrait;
				INFOPLIST_KEY_UIUserInterfaceStyle = Light;
				IPHONEOS_DEPLOYMENT_TARGET = 16.0;
				LD_RUNPATH_SEARCH_PATHS = (
					"$(inherited)",
					"@executable_path/Frameworks",
				);
				MARKETING_VERSION = 1.0;
				PRODUCT_BUNDLE_IDENTIFIER = com.jessicaKoh.PhotoMemo;
				PRODUCT_NAME = "$(TARGET_NAME)";
				SUPPORTED_PLATFORMS = "iphoneos iphonesimulator";
				SUPPORTS_MACCATALYST = NO;
				SUPPORTS_MAC_DESIGNED_FOR_IPHONE_IPAD = NO;
				SWIFT_EMIT_LOC_STRINGS = YES;
				SWIFT_VERSION = 5.0;
				TARGETED_DEVICE_FAMILY = 1;
			};
			name = Debug;
		};
		C8DE7122295842DE00C0FA24 /* Release */ = {
			isa = XCBuildConfiguration;
			buildSettings = {
				ASSETCATALOG_COMPILER_APPICON_NAME = AppIcon;
				ASSETCATALOG_COMPILER_GLOBAL_ACCENT_COLOR_NAME = AccentColor;
				CODE_SIGN_STYLE = Automatic;
				CURRENT_PROJECT_VERSION = 2;
				DEVELOPMENT_TEAM = C52UTF3KCV;
				GENERATE_INFOPLIST_FILE = YES;
				INFOPLIST_FILE = PhotoMemo/Info.plist;
				INFOPLIST_KEY_LSApplicationCategoryType = "public.app-category.productivity";
				INFOPLIST_KEY_NSPhotoLibraryUsageDescription = "메모의 사진 업로드를 위해 사진첩에 액세스하고 싶습니다. 귀하의 사진은 귀하의 허락없이 공유되지 않습니다. ";
				INFOPLIST_KEY_UIApplicationSupportsIndirectInputEvents = YES;
				INFOPLIST_KEY_UILaunchStoryboardName = LaunchScreen;
				INFOPLIST_KEY_UISupportedInterfaceOrientations = UIInterfaceOrientationPortrait;
				INFOPLIST_KEY_UIUserInterfaceStyle = Light;
				IPHONEOS_DEPLOYMENT_TARGET = 16.0;
				LD_RUNPATH_SEARCH_PATHS = (
					"$(inherited)",
					"@executable_path/Frameworks",
				);
				MARKETING_VERSION = 1.0;
				PRODUCT_BUNDLE_IDENTIFIER = com.jessicaKoh.PhotoMemo;
				PRODUCT_NAME = "$(TARGET_NAME)";
				SUPPORTED_PLATFORMS = "iphoneos iphonesimulator";
				SUPPORTS_MACCATALYST = NO;
				SUPPORTS_MAC_DESIGNED_FOR_IPHONE_IPAD = NO;
				SWIFT_EMIT_LOC_STRINGS = YES;
				SWIFT_VERSION = 5.0;
				TARGETED_DEVICE_FAMILY = 1;
			};
			name = Release;
		};
/* End XCBuildConfiguration section */

/* Begin XCConfigurationList section */
		C8DE7104295842DC00C0FA24 /* Build configuration list for PBXProject "PhotoMemo" */ = {
			isa = XCConfigurationList;
			buildConfigurations = (
				C8DE711E295842DE00C0FA24 /* Debug */,
				C8DE711F295842DE00C0FA24 /* Release */,
			);
			defaultConfigurationIsVisible = 0;
			defaultConfigurationName = Release;
		};
		C8DE7120295842DE00C0FA24 /* Build configuration list for PBXNativeTarget "PhotoMemo" */ = {
			isa = XCConfigurationList;
			buildConfigurations = (
				C8DE7121295842DE00C0FA24 /* Debug */,
				C8DE7122295842DE00C0FA24 /* Release */,
			);
			defaultConfigurationIsVisible = 0;
			defaultConfigurationName = Release;
		};
/* End XCConfigurationList section */

/* Begin XCRemoteSwiftPackageReference section */
		C81E062129E811DA00D22514 /* XCRemoteSwiftPackageReference "SnapKit" */ = {
			isa = XCRemoteSwiftPackageReference;
			repositoryURL = "https://github.com/SnapKit/SnapKit";
			requirement = {
				kind = upToNextMajorVersion;
				minimumVersion = 5.0.0;
			};
		};
		C81E062429E811EC00D22514 /* XCRemoteSwiftPackageReference "Kingfisher" */ = {
			isa = XCRemoteSwiftPackageReference;
			repositoryURL = "https://github.com/onevcat/Kingfisher";
			requirement = {
				kind = upToNextMajorVersion;
				minimumVersion = 7.0.0;
			};
		};
		C81E062729E8126800D22514 /* XCRemoteSwiftPackageReference "firebase-ios-sdk" */ = {
			isa = XCRemoteSwiftPackageReference;
			repositoryURL = "https://github.com/firebase/firebase-ios-sdk";
			requirement = {
				kind = upToNextMajorVersion;
				minimumVersion = 10.0.0;
			};
		};
		C81F2849295957E0004F026D /* XCRemoteSwiftPackageReference "IQKeyboardManager" */ = {
			isa = XCRemoteSwiftPackageReference;
			repositoryURL = "https://github.com/hackiftekhar/IQKeyboardManager.git";
			requirement = {
				kind = upToNextMajorVersion;
				minimumVersion = 6.5.0;
			};
		};
		C8A2872729F1427700BF68FE /* XCRemoteSwiftPackageReference "realm-swift" */ = {
			isa = XCRemoteSwiftPackageReference;
			repositoryURL = "https://github.com/realm/realm-swift";
			requirement = {
				branch = master;
				kind = branch;
			};
		};
		C8DE7129295845D900C0FA24 /* XCRemoteSwiftPackageReference "SideMenu" */ = {
			isa = XCRemoteSwiftPackageReference;
			repositoryURL = "https://github.com/jonkykong/SideMenu";
			requirement = {
				kind = upToNextMajorVersion;
				minimumVersion = 6.0.0;
			};
		};
/* End XCRemoteSwiftPackageReference section */

/* Begin XCSwiftPackageProductDependency section */
		C81E062229E811DA00D22514 /* SnapKit */ = {
			isa = XCSwiftPackageProductDependency;
			package = C81E062129E811DA00D22514 /* XCRemoteSwiftPackageReference "SnapKit" */;
			productName = SnapKit;
		};
		C81E062529E811EC00D22514 /* Kingfisher */ = {
			isa = XCSwiftPackageProductDependency;
			package = C81E062429E811EC00D22514 /* XCRemoteSwiftPackageReference "Kingfisher" */;
			productName = Kingfisher;
		};
		C81E062829E8126800D22514 /* FirebaseAuth */ = {
			isa = XCSwiftPackageProductDependency;
			package = C81E062729E8126800D22514 /* XCRemoteSwiftPackageReference "firebase-ios-sdk" */;
			productName = FirebaseAuth;
		};
		C81E062A29E8126800D22514 /* FirebaseDatabase */ = {
			isa = XCSwiftPackageProductDependency;
			package = C81E062729E8126800D22514 /* XCRemoteSwiftPackageReference "firebase-ios-sdk" */;
			productName = FirebaseDatabase;
		};
		C81E062C29E8126800D22514 /* FirebaseFirestore */ = {
			isa = XCSwiftPackageProductDependency;
			package = C81E062729E8126800D22514 /* XCRemoteSwiftPackageReference "firebase-ios-sdk" */;
			productName = FirebaseFirestore;
		};
		C81E062E29E8126800D22514 /* FirebaseMessaging */ = {
			isa = XCSwiftPackageProductDependency;
			package = C81E062729E8126800D22514 /* XCRemoteSwiftPackageReference "firebase-ios-sdk" */;
			productName = FirebaseMessaging;
		};
		C81E063029E8126800D22514 /* FirebaseStorage */ = {
			isa = XCSwiftPackageProductDependency;
			package = C81E062729E8126800D22514 /* XCRemoteSwiftPackageReference "firebase-ios-sdk" */;
			productName = FirebaseStorage;
		};
		C81F284A295957E0004F026D /* IQKeyboardManagerSwift */ = {
			isa = XCSwiftPackageProductDependency;
			package = C81F2849295957E0004F026D /* XCRemoteSwiftPackageReference "IQKeyboardManager" */;
			productName = IQKeyboardManagerSwift;
		};
		C8A2872829F1427700BF68FE /* Realm */ = {
			isa = XCSwiftPackageProductDependency;
			package = C8A2872729F1427700BF68FE /* XCRemoteSwiftPackageReference "realm-swift" */;
			productName = Realm;
		};
		C8A2872A29F1427700BF68FE /* RealmSwift */ = {
			isa = XCSwiftPackageProductDependency;
			package = C8A2872729F1427700BF68FE /* XCRemoteSwiftPackageReference "realm-swift" */;
			productName = RealmSwift;
		};
		C8DE712A295845DA00C0FA24 /* SideMenu */ = {
			isa = XCSwiftPackageProductDependency;
			package = C8DE7129295845D900C0FA24 /* XCRemoteSwiftPackageReference "SideMenu" */;
			productName = SideMenu;
		};
/* End XCSwiftPackageProductDependency section */

/* Begin XCVersionGroup section */
		C8DE7115295842DD00C0FA24 /* PhotoMemo.xcdatamodeld */ = {
			isa = XCVersionGroup;
			children = (
				C8DE7116295842DD00C0FA24 /* PhotoMemo.xcdatamodel */,
			);
			currentVersion = C8DE7116295842DD00C0FA24 /* PhotoMemo.xcdatamodel */;
			path = PhotoMemo.xcdatamodeld;
			sourceTree = "<group>";
			versionGroupType = wrapper.xcdatamodel;
		};
/* End XCVersionGroup section */
	};
	rootObject = C8DE7101295842DC00C0FA24 /* Project object */;
}
